{
  "pins" : [
    {
      "identity" : "utilities",
      "kind" : "remoteSourceControl",
      "location" : "https://github.com/josephlevy222/Utilities.git",
      "state" : {
        "branch" : "main",
        "revision" : "770c059056d843008859440a0730a0d19b4330d1"
      }
    }
  ],
  "version" : 2
}
