{
  "pins" : [
    {
      "identity" : "editabletext",
      "kind" : "remoteSourceControl",
      "location" : "https://github.com/josephlevy222/EditableText",
      "state" : {
        "branch" : "main",
        "revision" : "a8cf17a49913aa47788dda2be49dff4cc60f6db9"
      }
    }
  ],
  "version" : 2
}
