{
  "pins" : [
    {
      "identity" : "editabletext",
      "kind" : "remoteSourceControl",
      "location" : "https://github.com/josephlevy222/EditableText",
      "state" : {
        "branch" : "test",
        "revision" : "7b0434208046cb762e04f1c5142c0170bf7797ff"
      }
    }
  ],
  "version" : 2
}
